
Microsoft Visual Studio Solution File, Format Version 12.00
# Visual Studio Version 16
VisualStudioVersion = 16.0.29613.14
MinimumVisualStudioVersion = 10.0.40219.1
Project("{9A19103F-16F7-4668-BE54-9A1E7A4F7556}") = "HappyShop.Data", "HappyShop.Data\HappyShop.Data.csproj", "{824CD85D-ECB6-4271-98AD-2D2F44E19E32}"
EndProject
Project("{9A19103F-16F7-4668-BE54-9A1E7A4F7556}") = "HappyShop.Service", "HappyShop.Service\HappyShop.Service.csproj", "{509FB064-20BB-4141-B62F-7517C8BCC1A4}"
EndProject
Project("{9A19103F-16F7-4668-BE54-9A1E7A4F7556}") = "HappyShop.Core", "HappyShop.Core\HappyShop.Core.csproj", "{3B03C7BE-092B-4565-9856-BAEE4779AACB}"
EndProject
Project("{9A19103F-16F7-4668-BE54-9A1E7A4F7556}") = "HappyShop.Abstractions", "HappyShop.Abstractions\HappyShop.Abstractions.csproj", "{03769101-97C0-4C66-AA05-652AEB291A02}"
EndProject
Project("{9A19103F-16F7-4668-BE54-9A1E7A4F7556}") = "HappyShop.Api", "HappyShop.Api\HappyShop.Api.csproj", "{603463D8-9B47-4560-B60B-B4A22CBD684A}"
EndProject
Global
	GlobalSection(SolutionConfigurationPlatforms) = preSolution
		Debug|Any CPU = Debug|Any CPU
		Release|Any CPU = Release|Any CPU
	EndGlobalSection
	GlobalSection(ProjectConfigurationPlatforms) = postSolution
		{824CD85D-ECB6-4271-98AD-2D2F44E19E32}.Debug|Any CPU.ActiveCfg = Debug|Any CPU
		{824CD85D-ECB6-4271-98AD-2D2F44E19E32}.Debug|Any CPU.Build.0 = Debug|Any CPU
		{824CD85D-ECB6-4271-98AD-2D2F44E19E32}.Release|Any CPU.ActiveCfg = Release|Any CPU
		{824CD85D-ECB6-4271-98AD-2D2F44E19E32}.Release|Any CPU.Build.0 = Release|Any CPU
		{509FB064-20BB-4141-B62F-7517C8BCC1A4}.Debug|Any CPU.ActiveCfg = Debug|Any CPU
		{509FB064-20BB-4141-B62F-7517C8BCC1A4}.Debug|Any CPU.Build.0 = Debug|Any CPU
		{509FB064-20BB-4141-B62F-7517C8BCC1A4}.Release|Any CPU.ActiveCfg = Release|Any CPU
		{509FB064-20BB-4141-B62F-7517C8BCC1A4}.Release|Any CPU.Build.0 = Release|Any CPU
		{3B03C7BE-092B-4565-9856-BAEE4779AACB}.Debug|Any CPU.ActiveCfg = Debug|Any CPU
		{3B03C7BE-092B-4565-9856-BAEE4779AACB}.Debug|Any CPU.Build.0 = Debug|Any CPU
		{3B03C7BE-092B-4565-9856-BAEE4779AACB}.Release|Any CPU.ActiveCfg = Release|Any CPU
		{3B03C7BE-092B-4565-9856-BAEE4779AACB}.Release|Any CPU.Build.0 = Release|Any CPU
		{03769101-97C0-4C66-AA05-652AEB291A02}.Debug|Any CPU.ActiveCfg = Debug|Any CPU
		{03769101-97C0-4C66-AA05-652AEB291A02}.Debug|Any CPU.Build.0 = Debug|Any CPU
		{03769101-97C0-4C66-AA05-652AEB291A02}.Release|Any CPU.ActiveCfg = Release|Any CPU
		{03769101-97C0-4C66-AA05-652AEB291A02}.Release|Any CPU.Build.0 = Release|Any CPU
		{603463D8-9B47-4560-B60B-B4A22CBD684A}.Debug|Any CPU.ActiveCfg = Debug|Any CPU
		{603463D8-9B47-4560-B60B-B4A22CBD684A}.Debug|Any CPU.Build.0 = Debug|Any CPU
		{603463D8-9B47-4560-B60B-B4A22CBD684A}.Release|Any CPU.ActiveCfg = Release|Any CPU
		{603463D8-9B47-4560-B60B-B4A22CBD684A}.Release|Any CPU.Build.0 = Release|Any CPU
	EndGlobalSection
	GlobalSection(SolutionProperties) = preSolution
		HideSolutionNode = FALSE
	EndGlobalSection
	GlobalSection(ExtensibilityGlobals) = postSolution
		SolutionGuid = {8591C719-7F51-461A-BB8B-9A113BC8AB2B}
	EndGlobalSection
EndGlobal
